
Microsoft Visual Studio Solution File, Format Version 12.00
# Visual Studio Version 17
VisualStudioVersion = 17.12.35527.113 d17.12
MinimumVisualStudioVersion = 10.0.40219.1
Project("{FAE04EC0-301F-11D3-BF4B-00C04F79EFBC}") = "prog13", "prog13\prog13.csproj", "{7FA8F013-D43E-4A0B-B52E-980C2D05CB45}"
EndProject
Global
	GlobalSection(SolutionConfigurationPlatforms) = preSolution
		Debug|Any CPU = Debug|Any CPU
		Release|Any CPU = Release|Any CPU
	EndGlobalSection
	GlobalSection(ProjectConfigurationPlatforms) = postSolution
		{7FA8F013-D43E-4A0B-B52E-980C2D05CB45}.Debug|Any CPU.ActiveCfg = Debug|Any CPU
		{7FA8F013-D43E-4A0B-B52E-980C2D05CB45}.Debug|Any CPU.Build.0 = Debug|Any CPU
		{7FA8F013-D43E-4A0B-B52E-980C2D05CB45}.Release|Any CPU.ActiveCfg = Release|Any CPU
		{7FA8F013-D43E-4A0B-B52E-980C2D05CB45}.Release|Any CPU.Build.0 = Release|Any CPU
	EndGlobalSection
	GlobalSection(SolutionProperties) = preSolution
		HideSolutionNode = FALSE
	EndGlobalSection
EndGlobal
